// !$*UTF8*$!
{
	archiveVersion = 1;
	classes = {
	};
	objectVersion = 56;
	objects = {

/* Begin PBXBuildFile section */
		9322606B2DCCC5DB008E1D23 /* AppDelegate.swift in Sources */ = {isa = PBXBuildFile; fileRef = 9322606A2DCCC5DB008E1D23 /* AppDelegate.swift */; };
		9322606D2DCCC5DB008E1D23 /* SceneDelegate.swift in Sources */ = {isa = PBXBuildFile; fileRef = 9322606C2DCCC5DB008E1D23 /* SceneDelegate.swift */; };
		9322606F2DCCC5DB008E1D23 /* ViewController.swift in Sources */ = {isa = PBXBuildFile; fileRef = 9322606E2DCCC5DB008E1D23 /* ViewController.swift */; };
		932260722DCCC5DB008E1D23 /* Main.storyboard in Resources */ = {isa = PBXBuildFile; fileRef = 932260702DCCC5DB008E1D23 /* Main.storyboard */; };
		932260742DCCC5DC008E1D23 /* Assets.xcassets in Resources */ = {isa = PBXBuildFile; fileRef = 932260732DCCC5DC008E1D23 /* Assets.xcassets */; };
		932260772DCCC5DC008E1D23 /* LaunchScreen.storyboard in Resources */ = {isa = PBXBuildFile; fileRef = 932260752DCCC5DC008E1D23 /* LaunchScreen.storyboard */; };
		937D46072DDB706B0051C634 /* VideoCell.swift in Sources */ = {isa = PBXBuildFile; fileRef = 937D46062DDB706B0051C634 /* VideoCell.swift */; };
		937D46092DDB78340051C634 /* LaunchViewController.swift in Sources */ = {isa = PBXBuildFile; fileRef = 937D46082DDB78340051C634 /* LaunchViewController.swift */; };
		93FDC28B2DD2227900247543 /* VideoPlayerViewController.swift in Sources */ = {isa = PBXBuildFile; fileRef = 93FDC28A2DD2227900247543 /* VideoPlayerViewController.swift */; };
		A317443F2DD20C460061BDD6 /* VideoModel.swift in Sources */ = {isa = PBXBuildFile; fileRef = A317443E2DD20C460061BDD6 /* VideoModel.swift */; };
/* End PBXBuildFile section */

/* Begin PBXFileReference section */
		932260672DCCC5DB008E1D23 /* WatchNow.app */ = {isa = PBXFileReference; explicitFileType = wrapper.application; includeInIndex = 0; path = WatchNow.app; sourceTree = BUILT_PRODUCTS_DIR; };
		9322606A2DCCC5DB008E1D23 /* AppDelegate.swift */ = {isa = PBXFileReference; lastKnownFileType = sourcecode.swift; path = AppDelegate.swift; sourceTree = "<group>"; };
		9322606C2DCCC5DB008E1D23 /* SceneDelegate.swift */ = {isa = PBXFileReference; lastKnownFileType = sourcecode.swift; path = SceneDelegate.swift; sourceTree = "<group>"; };
		9322606E2DCCC5DB008E1D23 /* ViewController.swift */ = {isa = PBXFileReference; lastKnownFileType = sourcecode.swift; path = ViewController.swift; sourceTree = "<group>"; };
		932260712DCCC5DB008E1D23 /* Base */ = {isa = PBXFileReference; lastKnownFileType = file.storyboard; name = Base; path = Base.lproj/Main.storyboard; sourceTree = "<group>"; };
		932260732DCCC5DC008E1D23 /* Assets.xcassets */ = {isa = PBXFileReference; lastKnownFileType = folder.assetcatalog; path = Assets.xcassets; sourceTree = "<group>"; };
		932260762DCCC5DC008E1D23 /* Base */ = {isa = PBXFileReference; lastKnownFileType = file.storyboard; name = Base; path = Base.lproj/LaunchScreen.storyboard; sourceTree = "<group>"; };
		932260782DCCC5DC008E1D23 /* Info.plist */ = {isa = PBXFileReference; lastKnownFileType = text.plist.xml; path = Info.plist; sourceTree = "<group>"; };
		937D46062DDB706B0051C634 /* VideoCell.swift */ = {isa = PBXFileReference; lastKnownFileType = sourcecode.swift; path = VideoCell.swift; sourceTree = "<group>"; };
		937D46082DDB78340051C634 /* LaunchViewController.swift */ = {isa = PBXFileReference; lastKnownFileType = sourcecode.swift; path = LaunchViewController.swift; sourceTree = "<group>"; };
		93FDC28A2DD2227900247543 /* VideoPlayerViewController.swift */ = {isa = PBXFileReference; lastKnownFileType = sourcecode.swift; path = VideoPlayerViewController.swift; sourceTree = "<group>"; };
		A317443E2DD20C460061BDD6 /* VideoModel.swift */ = {isa = PBXFileReference; lastKnownFileType = sourcecode.swift; path = VideoModel.swift; sourceTree = "<group>"; };
/* End PBXFileReference section */

/* Begin PBXFrameworksBuildPhase section */
		932260642DCCC5DB008E1D23 /* Frameworks */ = {
			isa = PBXFrameworksBuildPhase;
			buildActionMask = 2147483647;
			files = (
			);
			runOnlyForDeploymentPostprocessing = 0;
		};
/* End PBXFrameworksBuildPhase section */

/* Begin PBXGroup section */
		9322605E2DCCC5DB008E1D23 = {
			isa = PBXGroup;
			children = (
				932260692DCCC5DB008E1D23 /* WatchNow */,
				932260682DCCC5DB008E1D23 /* Products */,
			);
			sourceTree = "<group>";
		};
		932260682DCCC5DB008E1D23 /* Products */ = {
			isa = PBXGroup;
			children = (
				932260672DCCC5DB008E1D23 /* WatchNow.app */,
			);
			name = Products;
			sourceTree = "<group>";
		};
		932260692DCCC5DB008E1D23 /* WatchNow */ = {
			isa = PBXGroup;
			children = (
				9322606A2DCCC5DB008E1D23 /* AppDelegate.swift */,
				9322606C2DCCC5DB008E1D23 /* SceneDelegate.swift */,
				9322606E2DCCC5DB008E1D23 /* ViewController.swift */,
				A317443E2DD20C460061BDD6 /* VideoModel.swift */,
				93FDC28A2DD2227900247543 /* VideoPlayerViewController.swift */,
				937D46062DDB706B0051C634 /* VideoCell.swift */,
				937D46082DDB78340051C634 /* LaunchViewController.swift */,
				932260702DCCC5DB008E1D23 /* Main.storyboard */,
				932260732DCCC5DC008E1D23 /* Assets.xcassets */,
				932260752DCCC5DC008E1D23 /* LaunchScreen.storyboard */,
				932260782DCCC5DC008E1D23 /* Info.plist */,
			);
			path = WatchNow;
			sourceTree = "<group>";
		};
/* End PBXGroup section */

/* Begin PBXNativeTarget section */
		932260662DCCC5DB008E1D23 /* WatchNow */ = {
			isa = PBXNativeTarget;
			buildConfigurationList = 9322607B2DCCC5DC008E1D23 /* Build configuration list for PBXNativeTarget "WatchNow" */;
			buildPhases = (
				932260632DCCC5DB008E1D23 /* Sources */,
				932260642DCCC5DB008E1D23 /* Frameworks */,
				932260652DCCC5DB008E1D23 /* Resources */,
			);
			buildRules = (
			);
			dependencies = (
			);
			name = WatchNow;
			productName = WatchNow;
			productReference = 932260672DCCC5DB008E1D23 /* WatchNow.app */;
			productType = "com.apple.product-type.application";
		};
/* End PBXNativeTarget section */

/* Begin PBXProject section */
		9322605F2DCCC5DB008E1D23 /* Project object */ = {
			isa = PBXProject;
			attributes = {
				BuildIndependentTargetsInParallel = 1;
				LastSwiftUpdateCheck = 1420;
				LastUpgradeCheck = 1420;
				TargetAttributes = {
					932260662DCCC5DB008E1D23 = {
						CreatedOnToolsVersion = 14.2;
					};
				};
			};
			buildConfigurationList = 932260622DCCC5DB008E1D23 /* Build configuration list for PBXProject "WatchNow" */;
			compatibilityVersion = "Xcode 14.0";
			developmentRegion = en;
			hasScannedForEncodings = 0;
			knownRegions = (
				en,
				Base,
			);
			mainGroup = 9322605E2DCCC5DB008E1D23;
			productRefGroup = 932260682DCCC5DB008E1D23 /* Products */;
			projectDirPath = "";
			projectRoot = "";
			targets = (
				932260662DCCC5DB008E1D23 /* WatchNow */,
			);
		};
/* End PBXProject section */

/* Begin PBXResourcesBuildPhase section */
		932260652DCCC5DB008E1D23 /* Resources */ = {
			isa = PBXResourcesBuildPhase;
			buildActionMask = 2147483647;
			files = (
				932260772DCCC5DC008E1D23 /* LaunchScreen.storyboard in Resources */,
				932260742DCCC5DC008E1D23 /* Assets.xcassets in Resources */,
				932260722DCCC5DB008E1D23 /* Main.storyboard in Resources */,
			);
			runOnlyForDeploymentPostprocessing = 0;
		};
/* End PBXResourcesBuildPhase section */

/* Begin PBXSourcesBuildPhase section */
		932260632DCCC5DB008E1D23 /* Sources */ = {
			isa = PBXSourcesBuildPhase;
			buildActionMask = 2147483647;
			files = (
				9322606F2DCCC5DB008E1D23 /* ViewController.swift in Sources */,
				9322606B2DCCC5DB008E1D23 /* AppDelegate.swift in Sources */,
				93FDC28B2DD2227900247543 /* VideoPlayerViewController.swift in Sources */,
				9322606D2DCCC5DB008E1D23 /* SceneDelegate.swift in Sources */,
				A317443F2DD20C460061BDD6 /* VideoModel.swift in Sources */,
				937D46092DDB78340051C634 /* LaunchViewController.swift in Sources */,
				937D46072DDB706B0051C634 /* VideoCell.swift in Sources */,
			);
			runOnlyForDeploymentPostprocessing = 0;
		};
/* End PBXSourcesBuildPhase section */

/* Begin PBXVariantGroup section */
		932260702DCCC5DB008E1D23 /* Main.storyboard */ = {
			isa = PBXVariantGroup;
			children = (
				932260712DCCC5DB008E1D23 /* Base */,
			);
			name = Main.storyboard;
			sourceTree = "<group>";
		};
		932260752DCCC5DC008E1D23 /* LaunchScreen.storyboard */ = {
			isa = PBXVariantGroup;
			children = (
				932260762DCCC5DC008E1D23 /* Base */,
			);
			name = LaunchScreen.storyboard;
			sourceTree = "<group>";
		};
/* End PBXVariantGroup section */

/* Begin XCBuildConfiguration section */
		932260792DCCC5DC008E1D23 /* Debug */ = {
			isa = XCBuildConfiguration;
			buildSettings = {
				ALWAYS_SEARCH_USER_PATHS = NO;
				CLANG_ANALYZER_NONNULL = YES;
				CLANG_ANALYZER_NUMBER_OBJECT_CONVERSION = YES_AGGRESSIVE;
				CLANG_CXX_LANGUAGE_STANDARD = "gnu++20";
				CLANG_ENABLE_MODULES = YES;
				CLANG_ENABLE_OBJC_ARC = YES;
				CLANG_ENABLE_OBJC_WEAK = YES;
				CLANG_WARN_BLOCK_CAPTURE_AUTORELEASING = YES;
				CLANG_WARN_BOOL_CONVERSION = YES;
				CLANG_WARN_COMMA = YES;
				CLANG_WARN_CONSTANT_CONVERSION = YES;
				CLANG_WARN_DEPRECATED_OBJC_IMPLEMENTATIONS = YES;
				CLANG_WARN_DIRECT_OBJC_ISA_USAGE = YES_ERROR;
				CLANG_WARN_DOCUMENTATION_COMMENTS = YES;
				CLANG_WARN_EMPTY_BODY = YES;
				CLANG_WARN_ENUM_CONVERSION = YES;
				CLANG_WARN_INFINITE_RECURSION = YES;
				CLANG_WARN_INT_CONVERSION = YES;
				CLANG_WARN_NON_LITERAL_NULL_CONVERSION = YES;
				CLANG_WARN_OBJC_IMPLICIT_RETAIN_SELF = YES;
				CLANG_WARN_OBJC_LITERAL_CONVERSION = YES;
				CLANG_WARN_OBJC_ROOT_CLASS = YES_ERROR;
				CLANG_WARN_QUOTED_INCLUDE_IN_FRAMEWORK_HEADER = YES;
				CLANG_WARN_RANGE_LOOP_ANALYSIS = YES;
				CLANG_WARN_STRICT_PROTOTYPES = YES;
				CLANG_WARN_SUSPICIOUS_MOVE = YES;
				CLANG_WARN_UNGUARDED_AVAILABILITY = YES_AGGRESSIVE;
				CLANG_WARN_UNREACHABLE_CODE = YES;
				CLANG_WARN__DUPLICATE_METHOD_MATCH = YES;
				COPY_PHASE_STRIP = NO;
				DEBUG_INFORMATION_FORMAT = dwarf;
				ENABLE_STRICT_OBJC_MSGSEND = YES;
				ENABLE_TESTABILITY = YES;
				GCC_C_LANGUAGE_STANDARD = gnu11;
				GCC_DYNAMIC_NO_PIC = NO;
				GCC_NO_COMMON_BLOCKS = YES;
				GCC_OPTIMIZATION_LEVEL = 0;
				GCC_PREPROCESSOR_DEFINITIONS = (
					"DEBUG=1",
					"$(inherited)",
				);
				GCC_WARN_64_TO_32_BIT_CONVERSION = YES;
				GCC_WARN_ABOUT_RETURN_TYPE = YES_ERROR;
				GCC_WARN_UNDECLARED_SELECTOR = YES;
				GCC_WARN_UNINITIALIZED_AUTOS = YES_AGGRESSIVE;
				GCC_WARN_UNUSED_FUNCTION = YES;
				GCC_WARN_UNUSED_VARIABLE = YES;
				IPHONEOS_DEPLOYMENT_TARGET = 16.2;
				MTL_ENABLE_DEBUG_INFO = INCLUDE_SOURCE;
				MTL_FAST_MATH = YES;
				ONLY_ACTIVE_ARCH = YES;
				SDKROOT = iphoneos;
				SWIFT_ACTIVE_COMPILATION_CONDITIONS = DEBUG;
				SWIFT_OPTIMIZATION_LEVEL = "-Onone";
			};
			name = Debug;
		};
		9322607A2DCCC5DC008E1D23 /* Release */ = {
			isa = XCBuildConfiguration;
			buildSettings = {
				ALWAYS_SEARCH_USER_PATHS = NO;
				CLANG_ANALYZER_NONNULL = YES;
				CLANG_ANALYZER_NUMBER_OBJECT_CONVERSION = YES_AGGRESSIVE;
				CLANG_CXX_LANGUAGE_STANDARD = "gnu++20";
				CLANG_ENABLE_MODULES = YES;
				CLANG_ENABLE_OBJC_ARC = YES;
				CLANG_ENABLE_OBJC_WEAK = YES;
				CLANG_WARN_BLOCK_CAPTURE_AUTORELEASING = YES;
				CLANG_WARN_BOOL_CONVERSION = YES;
				CLANG_WARN_COMMA = YES;
				CLANG_WARN_CONSTANT_CONVERSION = YES;
				CLANG_WARN_DEPRECATED_OBJC_IMPLEMENTATIONS = YES;
				CLANG_WARN_DIRECT_OBJC_ISA_USAGE = YES_ERROR;
				CLANG_WARN_DOCUMENTATION_COMMENTS = YES;
				CLANG_WARN_EMPTY_BODY = YES;
				CLANG_WARN_ENUM_CONVERSION = YES;
				CLANG_WARN_INFINITE_RECURSION = YES;
				CLANG_WARN_INT_CONVERSION = YES;
				CLANG_WARN_NON_LITERAL_NULL_CONVERSION = YES;
				CLANG_WARN_OBJC_IMPLICIT_RETAIN_SELF = YES;
				CLANG_WARN_OBJC_LITERAL_CONVERSION = YES;
				CLANG_WARN_OBJC_ROOT_CLASS = YES_ERROR;
				CLANG_WARN_QUOTED_INCLUDE_IN_FRAMEWORK_HEADER = YES;
				CLANG_WARN_RANGE_LOOP_ANALYSIS = YES;
				CLANG_WARN_STRICT_PROTOTYPES = YES;
				CLANG_WARN_SUSPICIOUS_MOVE = YES;
				CLANG_WARN_UNGUARDED_AVAILABILITY = YES_AGGRESSIVE;
				CLANG_WARN_UNREACHABLE_CODE = YES;
				CLANG_WARN__DUPLICATE_METHOD_MATCH = YES;
				COPY_PHASE_STRIP = NO;
				DEBUG_INFORMATION_FORMAT = "dwarf-with-dsym";
				ENABLE_NS_ASSERTIONS = NO;
				ENABLE_STRICT_OBJC_MSGSEND = YES;
				GCC_C_LANGUAGE_STANDARD = gnu11;
				GCC_NO_COMMON_BLOCKS = YES;
				GCC_WARN_64_TO_32_BIT_CONVERSION = YES;
				GCC_WARN_ABOUT_RETURN_TYPE = YES_ERROR;
				GCC_WARN_UNDECLARED_SELECTOR = YES;
				GCC_WARN_UNINITIALIZED_AUTOS = YES_AGGRESSIVE;
				GCC_WARN_UNUSED_FUNCTION = YES;
				GCC_WARN_UNUSED_VARIABLE = YES;
				IPHONEOS_DEPLOYMENT_TARGET = 16.2;
				MTL_ENABLE_DEBUG_INFO = NO;
				MTL_FAST_MATH = YES;
				SDKROOT = iphoneos;
				SWIFT_COMPILATION_MODE = wholemodule;
				SWIFT_OPTIMIZATION_LEVEL = "-O";
				VALIDATE_PRODUCT = YES;
			};
			name = Release;
		};
		9322607C2DCCC5DC008E1D23 /* Debug */ = {
			isa = XCBuildConfiguration;
			buildSettings = {
				ASSETCATALOG_COMPILER_APPICON_NAME = AppIcon;
				ASSETCATALOG_COMPILER_GLOBAL_ACCENT_COLOR_NAME = AccentColor;
				CODE_SIGN_STYLE = Automatic;
				CURRENT_PROJECT_VERSION = 1;
				GENERATE_INFOPLIST_FILE = YES;
				INFOPLIST_FILE = WatchNow/Info.plist;
				INFOPLIST_KEY_UIApplicationSupportsIndirectInputEvents = YES;
				INFOPLIST_KEY_UILaunchStoryboardName = LaunchScreen;
				INFOPLIST_KEY_UIMainStoryboardFile = Main;
				INFOPLIST_KEY_UISupportedInterfaceOrientations_iPad = "UIInterfaceOrientationPortrait UIInterfaceOrientationPortraitUpsideDown UIInterfaceOrientationLandscapeLeft UIInterfaceOrientationLandscapeRight";
				INFOPLIST_KEY_UISupportedInterfaceOrientations_iPhone = "UIInterfaceOrientationPortrait UIInterfaceOrientationLandscapeLeft UIInterfaceOrientationLandscapeRight";
				LD_RUNPATH_SEARCH_PATHS = (
					"$(inherited)",
					"@executable_path/Frameworks",
				);
				MARKETING_VERSION = 1.0;
				PRODUCT_BUNDLE_IDENTIFIER = com.trakya.WatchNow;
				PRODUCT_NAME = "$(TARGET_NAME)";
				SWIFT_EMIT_LOC_STRINGS = YES;
				SWIFT_VERSION = 5.0;
				TARGETED_DEVICE_FAMILY = "1,2";
			};
			name = Debug;
		};
		9322607D2DCCC5DC008E1D23 /* Release */ = {
			isa = XCBuildConfiguration;
			buildSettings = {
				ASSETCATALOG_COMPILER_APPICON_NAME = AppIcon;
				ASSETCATALOG_COMPILER_GLOBAL_ACCENT_COLOR_NAME = AccentColor;
				CODE_SIGN_STYLE = Automatic;
				CURRENT_PROJECT_VERSION = 1;
				GENERATE_INFOPLIST_FILE = YES;
				INFOPLIST_FILE = WatchNow/Info.plist;
				INFOPLIST_KEY_UIApplicationSupportsIndirectInputEvents = YES;
				INFOPLIST_KEY_UILaunchStoryboardName = LaunchScreen;
				INFOPLIST_KEY_UIMainStoryboardFile = Main;
				INFOPLIST_KEY_UISupportedInterfaceOrientations_iPad = "UIInterfaceOrientationPortrait UIInterfaceOrientationPortraitUpsideDown UIInterfaceOrientationLandscapeLeft UIInterfaceOrientationLandscapeRight";
				INFOPLIST_KEY_UISupportedInterfaceOrientations_iPhone = "UIInterfaceOrientationPortrait UIInterfaceOrientationLandscapeLeft UIInterfaceOrientationLandscapeRight";
				LD_RUNPATH_SEARCH_PATHS = (
					"$(inherited)",
					"@executable_path/Frameworks",
				);
				MARKETING_VERSION = 1.0;
				PRODUCT_BUNDLE_IDENTIFIER = com.trakya.WatchNow;
				PRODUCT_NAME = "$(TARGET_NAME)";
				SWIFT_EMIT_LOC_STRINGS = YES;
				SWIFT_VERSION = 5.0;
				TARGETED_DEVICE_FAMILY = "1,2";
			};
			name = Release;
		};
/* End XCBuildConfiguration section */

/* Begin XCConfigurationList section */
		932260622DCCC5DB008E1D23 /* Build configuration list for PBXProject "WatchNow" */ = {
			isa = XCConfigurationList;
			buildConfigurations = (
				932260792DCCC5DC008E1D23 /* Debug */,
				9322607A2DCCC5DC008E1D23 /* Release */,
			);
			defaultConfigurationIsVisible = 0;
			defaultConfigurationName = Release;
		};
		9322607B2DCCC5DC008E1D23 /* Build configuration list for PBXNativeTarget "WatchNow" */ = {
			isa = XCConfigurationList;
			buildConfigurations = (
				9322607C2DCCC5DC008E1D23 /* Debug */,
				9322607D2DCCC5DC008E1D23 /* Release */,
			);
			defaultConfigurationIsVisible = 0;
			defaultConfigurationName = Release;
		};
/* End XCConfigurationList section */
	};
	rootObject = 9322605F2DCCC5DB008E1D23 /* Project object */;
}
